
Microsoft Visual Studio Solution File, Format Version 12.00
# Visual Studio 15
VisualStudioVersion = 15.0.28010.2046
MinimumVisualStudioVersion = 10.0.40219.1
Project("{FAE04EC0-301F-11D3-BF4B-00C04F79EFBC}") = "Kelompok03.Android", "Kelompok03\Kelompok03.Android\Kelompok03.Android.csproj", "{9BC23E6A-9A81-4732-A20A-83A7A89C1C0E}"
EndProject
Project("{FAE04EC0-301F-11D3-BF4B-00C04F79EFBC}") = "Kelompok03.iOS", "Kelompok03\Kelompok03.iOS\Kelompok03.iOS.csproj", "{DCAEECDC-57DA-4401-80D5-B8FE7E563D27}"
EndProject
Project("{FAE04EC0-301F-11D3-BF4B-00C04F79EFBC}") = "Kelompok03.UWP", "Kelompok03\Kelompok03.UWP\Kelompok03.UWP.csproj", "{5BFC9EA2-1B28-441F-B744-60C48F6A368F}"
EndProject
Project("{FAE04EC0-301F-11D3-BF4B-00C04F79EFBC}") = "Kelompok03", "Kelompok03\Kelompok03\Kelompok03.csproj", "{0D036779-AFE1-4ACB-81DD-551C56D06616}"
EndProject
Global
	GlobalSection(SolutionConfigurationPlatforms) = preSolution
		Ad-Hoc|Any CPU = Ad-Hoc|Any CPU
		Ad-Hoc|ARM = Ad-Hoc|ARM
		Ad-Hoc|iPhone = Ad-Hoc|iPhone
		Ad-Hoc|iPhoneSimulator = Ad-Hoc|iPhoneSimulator
		Ad-Hoc|x64 = Ad-Hoc|x64
		Ad-Hoc|x86 = Ad-Hoc|x86
		AppStore|Any CPU = AppStore|Any CPU
		AppStore|ARM = AppStore|ARM
		AppStore|iPhone = AppStore|iPhone
		AppStore|iPhoneSimulator = AppStore|iPhoneSimulator
		AppStore|x64 = AppStore|x64
		AppStore|x86 = AppStore|x86
		Debug|Any CPU = Debug|Any CPU
		Debug|ARM = Debug|ARM
		Debug|iPhone = Debug|iPhone
		Debug|iPhoneSimulator = Debug|iPhoneSimulator
		Debug|x64 = Debug|x64
		Debug|x86 = Debug|x86
		Release|Any CPU = Release|Any CPU
		Release|ARM = Release|ARM
		Release|iPhone = Release|iPhone
		Release|iPhoneSimulator = Release|iPhoneSimulator
		Release|x64 = Release|x64
		Release|x86 = Release|x86
	EndGlobalSection
	GlobalSection(ProjectConfigurationPlatforms) = postSolution
		{9BC23E6A-9A81-4732-A20A-83A7A89C1C0E}.Ad-Hoc|Any CPU.ActiveCfg = Release|Any CPU
		{9BC23E6A-9A81-4732-A20A-83A7A89C1C0E}.Ad-Hoc|Any CPU.Build.0 = Release|Any CPU
		{9BC23E6A-9A81-4732-A20A-83A7A89C1C0E}.Ad-Hoc|Any CPU.Deploy.0 = Release|Any CPU
		{9BC23E6A-9A81-4732-A20A-83A7A89C1C0E}.Ad-Hoc|ARM.ActiveCfg = Release|Any CPU
		{9BC23E6A-9A81-4732-A20A-83A7A89C1C0E}.Ad-Hoc|ARM.Build.0 = Release|Any CPU
		{9BC23E6A-9A81-4732-A20A-83A7A89C1C0E}.Ad-Hoc|ARM.Deploy.0 = Release|Any CPU
		{9BC23E6A-9A81-4732-A20A-83A7A89C1C0E}.Ad-Hoc|iPhone.ActiveCfg = Release|Any CPU
		{9BC23E6A-9A81-4732-A20A-83A7A89C1C0E}.Ad-Hoc|iPhone.Build.0 = Release|Any CPU
		{9BC23E6A-9A81-4732-A20A-83A7A89C1C0E}.Ad-Hoc|iPhone.Deploy.0 = Release|Any CPU
		{9BC23E6A-9A81-4732-A20A-83A7A89C1C0E}.Ad-Hoc|iPhoneSimulator.ActiveCfg = Release|Any CPU
		{9BC23E6A-9A81-4732-A20A-83A7A89C1C0E}.Ad-Hoc|iPhoneSimulator.Build.0 = Release|Any CPU
		{9BC23E6A-9A81-4732-A20A-83A7A89C1C0E}.Ad-Hoc|iPhoneSimulator.Deploy.0 = Release|Any CPU
		{9BC23E6A-9A81-4732-A20A-83A7A89C1C0E}.Ad-Hoc|x64.ActiveCfg = Release|Any CPU
		{9BC23E6A-9A81-4732-A20A-83A7A89C1C0E}.Ad-Hoc|x64.Build.0 = Release|Any CPU
		{9BC23E6A-9A81-4732-A20A-83A7A89C1C0E}.Ad-Hoc|x64.Deploy.0 = Release|Any CPU
		{9BC23E6A-9A81-4732-A20A-83A7A89C1C0E}.Ad-Hoc|x86.ActiveCfg = Release|Any CPU
		{9BC23E6A-9A81-4732-A20A-83A7A89C1C0E}.Ad-Hoc|x86.Build.0 = Release|Any CPU
		{9BC23E6A-9A81-4732-A20A-83A7A89C1C0E}.Ad-Hoc|x86.Deploy.0 = Release|Any CPU
		{9BC23E6A-9A81-4732-A20A-83A7A89C1C0E}.AppStore|Any CPU.ActiveCfg = Release|Any CPU
		{9BC23E6A-9A81-4732-A20A-83A7A89C1C0E}.AppStore|Any CPU.Build.0 = Release|Any CPU
		{9BC23E6A-9A81-4732-A20A-83A7A89C1C0E}.AppStore|Any CPU.Deploy.0 = Release|Any CPU
		{9BC23E6A-9A81-4732-A20A-83A7A89C1C0E}.AppStore|ARM.ActiveCfg = Release|Any CPU
		{9BC23E6A-9A81-4732-A20A-83A7A89C1C0E}.AppStore|ARM.Build.0 = Release|Any CPU
		{9BC23E6A-9A81-4732-A20A-83A7A89C1C0E}.AppStore|ARM.Deploy.0 = Release|Any CPU
		{9BC23E6A-9A81-4732-A20A-83A7A89C1C0E}.AppStore|iPhone.ActiveCfg = Release|Any CPU
		{9BC23E6A-9A81-4732-A20A-83A7A89C1C0E}.AppStore|iPhone.Build.0 = Release|Any CPU
		{9BC23E6A-9A81-4732-A20A-83A7A89C1C0E}.AppStore|iPhone.Deploy.0 = Release|Any CPU
		{9BC23E6A-9A81-4732-A20A-83A7A89C1C0E}.AppStore|iPhoneSimulator.ActiveCfg = Release|Any CPU
		{9BC23E6A-9A81-4732-A20A-83A7A89C1C0E}.AppStore|iPhoneSimulator.Build.0 = Release|Any CPU
		{9BC23E6A-9A81-4732-A20A-83A7A89C1C0E}.AppStore|iPhoneSimulator.Deploy.0 = Release|Any CPU
		{9BC23E6A-9A81-4732-A20A-83A7A89C1C0E}.AppStore|x64.ActiveCfg = Release|Any CPU
		{9BC23E6A-9A81-4732-A20A-83A7A89C1C0E}.AppStore|x64.Build.0 = Release|Any CPU
		{9BC23E6A-9A81-4732-A20A-83A7A89C1C0E}.AppStore|x64.Deploy.0 = Release|Any CPU
		{9BC23E6A-9A81-4732-A20A-83A7A89C1C0E}.AppStore|x86.ActiveCfg = Release|Any CPU
		{9BC23E6A-9A81-4732-A20A-83A7A89C1C0E}.AppStore|x86.Build.0 = Release|Any CPU
		{9BC23E6A-9A81-4732-A20A-83A7A89C1C0E}.AppStore|x86.Deploy.0 = Release|Any CPU
		{9BC23E6A-9A81-4732-A20A-83A7A89C1C0E}.Debug|Any CPU.ActiveCfg = Debug|Any CPU
		{9BC23E6A-9A81-4732-A20A-83A7A89C1C0E}.Debug|Any CPU.Build.0 = Debug|Any CPU
		{9BC23E6A-9A81-4732-A20A-83A7A89C1C0E}.Debug|Any CPU.Deploy.0 = Debug|Any CPU
		{9BC23E6A-9A81-4732-A20A-83A7A89C1C0E}.Debug|ARM.ActiveCfg = Debug|Any CPU
		{9BC23E6A-9A81-4732-A20A-83A7A89C1C0E}.Debug|ARM.Build.0 = Debug|Any CPU
		{9BC23E6A-9A81-4732-A20A-83A7A89C1C0E}.Debug|ARM.Deploy.0 = Debug|Any CPU
		{9BC23E6A-9A81-4732-A20A-83A7A89C1C0E}.Debug|iPhone.ActiveCfg = Debug|Any CPU
		{9BC23E6A-9A81-4732-A20A-83A7A89C1C0E}.Debug|iPhone.Build.0 = Debug|Any CPU
		{9BC23E6A-9A81-4732-A20A-83A7A89C1C0E}.Debug|iPhone.Deploy.0 = Debug|Any CPU
		{9BC23E6A-9A81-4732-A20A-83A7A89C1C0E}.Debug|iPhoneSimulator.ActiveCfg = Debug|Any CPU
		{9BC23E6A-9A81-4732-A20A-83A7A89C1C0E}.Debug|iPhoneSimulator.Build.0 = Debug|Any CPU
		{9BC23E6A-9A81-4732-A20A-83A7A89C1C0E}.Debug|iPhoneSimulator.Deploy.0 = Debug|Any CPU
		{9BC23E6A-9A81-4732-A20A-83A7A89C1C0E}.Debug|x64.ActiveCfg = Debug|Any CPU
		{9BC23E6A-9A81-4732-A20A-83A7A89C1C0E}.Debug|x64.Build.0 = Debug|Any CPU
		{9BC23E6A-9A81-4732-A20A-83A7A89C1C0E}.Debug|x64.Deploy.0 = Debug|Any CPU
		{9BC23E6A-9A81-4732-A20A-83A7A89C1C0E}.Debug|x86.ActiveCfg = Debug|Any CPU
		{9BC23E6A-9A81-4732-A20A-83A7A89C1C0E}.Debug|x86.Build.0 = Debug|Any CPU
		{9BC23E6A-9A81-4732-A20A-83A7A89C1C0E}.Debug|x86.Deploy.0 = Debug|Any CPU
		{9BC23E6A-9A81-4732-A20A-83A7A89C1C0E}.Release|Any CPU.ActiveCfg = Release|Any CPU
		{9BC23E6A-9A81-4732-A20A-83A7A89C1C0E}.Release|Any CPU.Build.0 = Release|Any CPU
		{9BC23E6A-9A81-4732-A20A-83A7A89C1C0E}.Release|Any CPU.Deploy.0 = Release|Any CPU
		{9BC23E6A-9A81-4732-A20A-83A7A89C1C0E}.Release|ARM.ActiveCfg = Release|Any CPU
		{9BC23E6A-9A81-4732-A20A-83A7A89C1C0E}.Release|ARM.Build.0 = Release|Any CPU
		{9BC23E6A-9A81-4732-A20A-83A7A89C1C0E}.Release|ARM.Deploy.0 = Release|Any CPU
		{9BC23E6A-9A81-4732-A20A-83A7A89C1C0E}.Release|iPhone.ActiveCfg = Release|Any CPU
		{9BC23E6A-9A81-4732-A20A-83A7A89C1C0E}.Release|iPhone.Build.0 = Release|Any CPU
		{9BC23E6A-9A81-4732-A20A-83A7A89C1C0E}.Release|iPhone.Deploy.0 = Release|Any CPU
		{9BC23E6A-9A81-4732-A20A-83A7A89C1C0E}.Release|iPhoneSimulator.ActiveCfg = Release|Any CPU
		{9BC23E6A-9A81-4732-A20A-83A7A89C1C0E}.Release|iPhoneSimulator.Build.0 = Release|Any CPU
		{9BC23E6A-9A81-4732-A20A-83A7A89C1C0E}.Release|iPhoneSimulator.Deploy.0 = Release|Any CPU
		{9BC23E6A-9A81-4732-A20A-83A7A89C1C0E}.Release|x64.ActiveCfg = Release|Any CPU
		{9BC23E6A-9A81-4732-A20A-83A7A89C1C0E}.Release|x64.Build.0 = Release|Any CPU
		{9BC23E6A-9A81-4732-A20A-83A7A89C1C0E}.Release|x64.Deploy.0 = Release|Any CPU
		{9BC23E6A-9A81-4732-A20A-83A7A89C1C0E}.Release|x86.ActiveCfg = Release|Any CPU
		{9BC23E6A-9A81-4732-A20A-83A7A89C1C0E}.Release|x86.Build.0 = Release|Any CPU
		{9BC23E6A-9A81-4732-A20A-83A7A89C1C0E}.Release|x86.Deploy.0 = Release|Any CPU
		{DCAEECDC-57DA-4401-80D5-B8FE7E563D27}.Ad-Hoc|Any CPU.ActiveCfg = Ad-Hoc|iPhone
		{DCAEECDC-57DA-4401-80D5-B8FE7E563D27}.Ad-Hoc|Any CPU.Build.0 = Ad-Hoc|iPhone
		{DCAEECDC-57DA-4401-80D5-B8FE7E563D27}.Ad-Hoc|Any CPU.Deploy.0 = Ad-Hoc|iPhone
		{DCAEECDC-57DA-4401-80D5-B8FE7E563D27}.Ad-Hoc|ARM.ActiveCfg = Ad-Hoc|iPhone
		{DCAEECDC-57DA-4401-80D5-B8FE7E563D27}.Ad-Hoc|ARM.Build.0 = Ad-Hoc|iPhone
		{DCAEECDC-57DA-4401-80D5-B8FE7E563D27}.Ad-Hoc|ARM.Deploy.0 = Ad-Hoc|iPhone
		{DCAEECDC-57DA-4401-80D5-B8FE7E563D27}.Ad-Hoc|iPhone.ActiveCfg = Ad-Hoc|iPhone
		{DCAEECDC-57DA-4401-80D5-B8FE7E563D27}.Ad-Hoc|iPhone.Build.0 = Ad-Hoc|iPhone
		{DCAEECDC-57DA-4401-80D5-B8FE7E563D27}.Ad-Hoc|iPhone.Deploy.0 = Ad-Hoc|iPhone
		{DCAEECDC-57DA-4401-80D5-B8FE7E563D27}.Ad-Hoc|iPhoneSimulator.ActiveCfg = Ad-Hoc|iPhoneSimulator
		{DCAEECDC-57DA-4401-80D5-B8FE7E563D27}.Ad-Hoc|iPhoneSimulator.Build.0 = Ad-Hoc|iPhoneSimulator
		{DCAEECDC-57DA-4401-80D5-B8FE7E563D27}.Ad-Hoc|iPhoneSimulator.Deploy.0 = Ad-Hoc|iPhoneSimulator
		{DCAEECDC-57DA-4401-80D5-B8FE7E563D27}.Ad-Hoc|x64.ActiveCfg = Ad-Hoc|iPhone
		{DCAEECDC-57DA-4401-80D5-B8FE7E563D27}.Ad-Hoc|x64.Build.0 = Ad-Hoc|iPhone
		{DCAEECDC-57DA-4401-80D5-B8FE7E563D27}.Ad-Hoc|x64.Deploy.0 = Ad-Hoc|iPhone
		{DCAEECDC-57DA-4401-80D5-B8FE7E563D27}.Ad-Hoc|x86.ActiveCfg = Ad-Hoc|iPhone
		{DCAEECDC-57DA-4401-80D5-B8FE7E563D27}.Ad-Hoc|x86.Build.0 = Ad-Hoc|iPhone
		{DCAEECDC-57DA-4401-80D5-B8FE7E563D27}.Ad-Hoc|x86.Deploy.0 = Ad-Hoc|iPhone
		{DCAEECDC-57DA-4401-80D5-B8FE7E563D27}.AppStore|Any CPU.ActiveCfg = AppStore|iPhone
		{DCAEECDC-57DA-4401-80D5-B8FE7E563D27}.AppStore|Any CPU.Build.0 = AppStore|iPhone
		{DCAEECDC-57DA-4401-80D5-B8FE7E563D27}.AppStore|Any CPU.Deploy.0 = AppStore|iPhone
		{DCAEECDC-57DA-4401-80D5-B8FE7E563D27}.AppStore|ARM.ActiveCfg = AppStore|iPhone
		{DCAEECDC-57DA-4401-80D5-B8FE7E563D27}.AppStore|ARM.Build.0 = AppStore|iPhone
		{DCAEECDC-57DA-4401-80D5-B8FE7E563D27}.AppStore|ARM.Deploy.0 = AppStore|iPhone
		{DCAEECDC-57DA-4401-80D5-B8FE7E563D27}.AppStore|iPhone.ActiveCfg = AppStore|iPhone
		{DCAEECDC-57DA-4401-80D5-B8FE7E563D27}.AppStore|iPhone.Build.0 = AppStore|iPhone
		{DCAEECDC-57DA-4401-80D5-B8FE7E563D27}.AppStore|iPhone.Deploy.0 = AppStore|iPhone
		{DCAEECDC-57DA-4401-80D5-B8FE7E563D27}.AppStore|iPhoneSimulator.ActiveCfg = AppStore|iPhoneSimulator
		{DCAEECDC-57DA-4401-80D5-B8FE7E563D27}.AppStore|iPhoneSimulator.Build.0 = AppStore|iPhoneSimulator
		{DCAEECDC-57DA-4401-80D5-B8FE7E563D27}.AppStore|iPhoneSimulator.Deploy.0 = AppStore|iPhoneSimulator
		{DCAEECDC-57DA-4401-80D5-B8FE7E563D27}.AppStore|x64.ActiveCfg = AppStore|iPhone
		{DCAEECDC-57DA-4401-80D5-B8FE7E563D27}.AppStore|x64.Build.0 = AppStore|iPhone
		{DCAEECDC-57DA-4401-80D5-B8FE7E563D27}.AppStore|x64.Deploy.0 = AppStore|iPhone
		{DCAEECDC-57DA-4401-80D5-B8FE7E563D27}.AppStore|x86.ActiveCfg = AppStore|iPhone
		{DCAEECDC-57DA-4401-80D5-B8FE7E563D27}.AppStore|x86.Build.0 = AppStore|iPhone
		{DCAEECDC-57DA-4401-80D5-B8FE7E563D27}.AppStore|x86.Deploy.0 = AppStore|iPhone
		{DCAEECDC-57DA-4401-80D5-B8FE7E563D27}.Debug|Any CPU.ActiveCfg = Debug|iPhoneSimulator
		{DCAEECDC-57DA-4401-80D5-B8FE7E563D27}.Debug|Any CPU.Build.0 = Debug|iPhoneSimulator
		{DCAEECDC-57DA-4401-80D5-B8FE7E563D27}.Debug|Any CPU.Deploy.0 = Debug|iPhoneSimulator
		{DCAEECDC-57DA-4401-80D5-B8FE7E563D27}.Debug|ARM.ActiveCfg = Debug|iPhone
		{DCAEECDC-57DA-4401-80D5-B8FE7E563D27}.Debug|ARM.Build.0 = Debug|iPhone
		{DCAEECDC-57DA-4401-80D5-B8FE7E563D27}.Debug|ARM.Deploy.0 = Debug|iPhone
		{DCAEECDC-57DA-4401-80D5-B8FE7E563D27}.Debug|iPhone.ActiveCfg = Debug|iPhone
		{DCAEECDC-57DA-4401-80D5-B8FE7E563D27}.Debug|iPhone.Build.0 = Debug|iPhone
		{DCAEECDC-57DA-4401-80D5-B8FE7E563D27}.Debug|iPhone.Deploy.0 = Debug|iPhone
		{DCAEECDC-57DA-4401-80D5-B8FE7E563D27}.Debug|iPhoneSimulator.ActiveCfg = Debug|iPhoneSimulator
		{DCAEECDC-57DA-4401-80D5-B8FE7E563D27}.Debug|iPhoneSimulator.Build.0 = Debug|iPhoneSimulator
		{DCAEECDC-57DA-4401-80D5-B8FE7E563D27}.Debug|iPhoneSimulator.Deploy.0 = Debug|iPhoneSimulator
		{DCAEECDC-57DA-4401-80D5-B8FE7E563D27}.Debug|x64.ActiveCfg = Debug|iPhone
		{DCAEECDC-57DA-4401-80D5-B8FE7E563D27}.Debug|x64.Build.0 = Debug|iPhone
		{DCAEECDC-57DA-4401-80D5-B8FE7E563D27}.Debug|x64.Deploy.0 = Debug|iPhone
		{DCAEECDC-57DA-4401-80D5-B8FE7E563D27}.Debug|x86.ActiveCfg = Debug|iPhone
		{DCAEECDC-57DA-4401-80D5-B8FE7E563D27}.Debug|x86.Build.0 = Debug|iPhone
		{DCAEECDC-57DA-4401-80D5-B8FE7E563D27}.Debug|x86.Deploy.0 = Debug|iPhone
		{DCAEECDC-57DA-4401-80D5-B8FE7E563D27}.Release|Any CPU.ActiveCfg = Release|iPhone
		{DCAEECDC-57DA-4401-80D5-B8FE7E563D27}.Release|Any CPU.Build.0 = Release|iPhone
		{DCAEECDC-57DA-4401-80D5-B8FE7E563D27}.Release|Any CPU.Deploy.0 = Release|iPhone
		{DCAEECDC-57DA-4401-80D5-B8FE7E563D27}.Release|ARM.ActiveCfg = Release|iPhone
		{DCAEECDC-57DA-4401-80D5-B8FE7E563D27}.Release|ARM.Build.0 = Release|iPhone
		{DCAEECDC-57DA-4401-80D5-B8FE7E563D27}.Release|ARM.Deploy.0 = Release|iPhone
		{DCAEECDC-57DA-4401-80D5-B8FE7E563D27}.Release|iPhone.ActiveCfg = Release|iPhone
		{DCAEECDC-57DA-4401-80D5-B8FE7E563D27}.Release|iPhone.Build.0 = Release|iPhone
		{DCAEECDC-57DA-4401-80D5-B8FE7E563D27}.Release|iPhone.Deploy.0 = Release|iPhone
		{DCAEECDC-57DA-4401-80D5-B8FE7E563D27}.Release|iPhoneSimulator.ActiveCfg = Release|iPhoneSimulator
		{DCAEECDC-57DA-4401-80D5-B8FE7E563D27}.Release|iPhoneSimulator.Build.0 = Release|iPhoneSimulator
		{DCAEECDC-57DA-4401-80D5-B8FE7E563D27}.Release|iPhoneSimulator.Deploy.0 = Release|iPhoneSimulator
		{DCAEECDC-57DA-4401-80D5-B8FE7E563D27}.Release|x64.ActiveCfg = Release|iPhone
		{DCAEECDC-57DA-4401-80D5-B8FE7E563D27}.Release|x64.Build.0 = Release|iPhone
		{DCAEECDC-57DA-4401-80D5-B8FE7E563D27}.Release|x64.Deploy.0 = Release|iPhone
		{DCAEECDC-57DA-4401-80D5-B8FE7E563D27}.Release|x86.ActiveCfg = Release|iPhone
		{DCAEECDC-57DA-4401-80D5-B8FE7E563D27}.Release|x86.Build.0 = Release|iPhone
		{DCAEECDC-57DA-4401-80D5-B8FE7E563D27}.Release|x86.Deploy.0 = Release|iPhone
		{5BFC9EA2-1B28-441F-B744-60C48F6A368F}.Ad-Hoc|Any CPU.ActiveCfg = Release|x86
		{5BFC9EA2-1B28-441F-B744-60C48F6A368F}.Ad-Hoc|Any CPU.Build.0 = Release|x86
		{5BFC9EA2-1B28-441F-B744-60C48F6A368F}.Ad-Hoc|Any CPU.Deploy.0 = Release|x86
		{5BFC9EA2-1B28-441F-B744-60C48F6A368F}.Ad-Hoc|ARM.ActiveCfg = Release|ARM
		{5BFC9EA2-1B28-441F-B744-60C48F6A368F}.Ad-Hoc|ARM.Build.0 = Release|ARM
		{5BFC9EA2-1B28-441F-B744-60C48F6A368F}.Ad-Hoc|ARM.Deploy.0 = Release|ARM
		{5BFC9EA2-1B28-441F-B744-60C48F6A368F}.Ad-Hoc|iPhone.ActiveCfg = Release|x86
		{5BFC9EA2-1B28-441F-B744-60C48F6A368F}.Ad-Hoc|iPhone.Build.0 = Release|x86
		{5BFC9EA2-1B28-441F-B744-60C48F6A368F}.Ad-Hoc|iPhone.Deploy.0 = Release|x86
		{5BFC9EA2-1B28-441F-B744-60C48F6A368F}.Ad-Hoc|iPhoneSimulator.ActiveCfg = Release|x86
		{5BFC9EA2-1B28-441F-B744-60C48F6A368F}.Ad-Hoc|iPhoneSimulator.Build.0 = Release|x86
		{5BFC9EA2-1B28-441F-B744-60C48F6A368F}.Ad-Hoc|iPhoneSimulator.Deploy.0 = Release|x86
		{5BFC9EA2-1B28-441F-B744-60C48F6A368F}.Ad-Hoc|x64.ActiveCfg = Release|x64
		{5BFC9EA2-1B28-441F-B744-60C48F6A368F}.Ad-Hoc|x64.Build.0 = Release|x64
		{5BFC9EA2-1B28-441F-B744-60C48F6A368F}.Ad-Hoc|x64.Deploy.0 = Release|x64
		{5BFC9EA2-1B28-441F-B744-60C48F6A368F}.Ad-Hoc|x86.ActiveCfg = Release|x86
		{5BFC9EA2-1B28-441F-B744-60C48F6A368F}.Ad-Hoc|x86.Build.0 = Release|x86
		{5BFC9EA2-1B28-441F-B744-60C48F6A368F}.Ad-Hoc|x86.Deploy.0 = Release|x86
		{5BFC9EA2-1B28-441F-B744-60C48F6A368F}.AppStore|Any CPU.ActiveCfg = Release|x86
		{5BFC9EA2-1B28-441F-B744-60C48F6A368F}.AppStore|Any CPU.Build.0 = Release|x86
		{5BFC9EA2-1B28-441F-B744-60C48F6A368F}.AppStore|Any CPU.Deploy.0 = Release|x86
		{5BFC9EA2-1B28-441F-B744-60C48F6A368F}.AppStore|ARM.ActiveCfg = Release|ARM
		{5BFC9EA2-1B28-441F-B744-60C48F6A368F}.AppStore|ARM.Build.0 = Release|ARM
		{5BFC9EA2-1B28-441F-B744-60C48F6A368F}.AppStore|ARM.Deploy.0 = Release|ARM
		{5BFC9EA2-1B28-441F-B744-60C48F6A368F}.AppStore|iPhone.ActiveCfg = Release|x86
		{5BFC9EA2-1B28-441F-B744-60C48F6A368F}.AppStore|iPhone.Build.0 = Release|x86
		{5BFC9EA2-1B28-441F-B744-60C48F6A368F}.AppStore|iPhone.Deploy.0 = Release|x86
		{5BFC9EA2-1B28-441F-B744-60C48F6A368F}.AppStore|iPhoneSimulator.ActiveCfg = Release|x86
		{5BFC9EA2-1B28-441F-B744-60C48F6A368F}.AppStore|iPhoneSimulator.Build.0 = Release|x86
		{5BFC9EA2-1B28-441F-B744-60C48F6A368F}.AppStore|iPhoneSimulator.Deploy.0 = Release|x86
		{5BFC9EA2-1B28-441F-B744-60C48F6A368F}.AppStore|x64.ActiveCfg = Release|x64
		{5BFC9EA2-1B28-441F-B744-60C48F6A368F}.AppStore|x64.Build.0 = Release|x64
		{5BFC9EA2-1B28-441F-B744-60C48F6A368F}.AppStore|x64.Deploy.0 = Release|x64
		{5BFC9EA2-1B28-441F-B744-60C48F6A368F}.AppStore|x86.ActiveCfg = Release|x86
		{5BFC9EA2-1B28-441F-B744-60C48F6A368F}.AppStore|x86.Build.0 = Release|x86
		{5BFC9EA2-1B28-441F-B744-60C48F6A368F}.AppStore|x86.Deploy.0 = Release|x86
		{5BFC9EA2-1B28-441F-B744-60C48F6A368F}.Debug|Any CPU.ActiveCfg = Debug|x86
		{5BFC9EA2-1B28-441F-B744-60C48F6A368F}.Debug|Any CPU.Build.0 = Debug|x86
		{5BFC9EA2-1B28-441F-B744-60C48F6A368F}.Debug|Any CPU.Deploy.0 = Debug|x86
		{5BFC9EA2-1B28-441F-B744-60C48F6A368F}.Debug|ARM.ActiveCfg = Debug|ARM
		{5BFC9EA2-1B28-441F-B744-60C48F6A368F}.Debug|ARM.Build.0 = Debug|ARM
		{5BFC9EA2-1B28-441F-B744-60C48F6A368F}.Debug|ARM.Deploy.0 = Debug|ARM
		{5BFC9EA2-1B28-441F-B744-60C48F6A368F}.Debug|iPhone.ActiveCfg = Debug|x86
		{5BFC9EA2-1B28-441F-B744-60C48F6A368F}.Debug|iPhone.Build.0 = Debug|x86
		{5BFC9EA2-1B28-441F-B744-60C48F6A368F}.Debug|iPhone.Deploy.0 = Debug|x86
		{5BFC9EA2-1B28-441F-B744-60C48F6A368F}.Debug|iPhoneSimulator.ActiveCfg = Debug|x86
		{5BFC9EA2-1B28-441F-B744-60C48F6A368F}.Debug|iPhoneSimulator.Build.0 = Debug|x86
		{5BFC9EA2-1B28-441F-B744-60C48F6A368F}.Debug|iPhoneSimulator.Deploy.0 = Debug|x86
		{5BFC9EA2-1B28-441F-B744-60C48F6A368F}.Debug|x64.ActiveCfg = Debug|x64
		{5BFC9EA2-1B28-441F-B744-60C48F6A368F}.Debug|x64.Build.0 = Debug|x64
		{5BFC9EA2-1B28-441F-B744-60C48F6A368F}.Debug|x64.Deploy.0 = Debug|x64
		{5BFC9EA2-1B28-441F-B744-60C48F6A368F}.Debug|x86.ActiveCfg = Debug|x86
		{5BFC9EA2-1B28-441F-B744-60C48F6A368F}.Debug|x86.Build.0 = Debug|x86
		{5BFC9EA2-1B28-441F-B744-60C48F6A368F}.Debug|x86.Deploy.0 = Debug|x86
		{5BFC9EA2-1B28-441F-B744-60C48F6A368F}.Release|Any CPU.ActiveCfg = Release|x86
		{5BFC9EA2-1B28-441F-B744-60C48F6A368F}.Release|Any CPU.Build.0 = Release|x86
		{5BFC9EA2-1B28-441F-B744-60C48F6A368F}.Release|Any CPU.Deploy.0 = Release|x86
		{5BFC9EA2-1B28-441F-B744-60C48F6A368F}.Release|ARM.ActiveCfg = Release|ARM
		{5BFC9EA2-1B28-441F-B744-60C48F6A368F}.Release|ARM.Build.0 = Release|ARM
		{5BFC9EA2-1B28-441F-B744-60C48F6A368F}.Release|ARM.Deploy.0 = Release|ARM
		{5BFC9EA2-1B28-441F-B744-60C48F6A368F}.Release|iPhone.ActiveCfg = Release|x86
		{5BFC9EA2-1B28-441F-B744-60C48F6A368F}.Release|iPhone.Build.0 = Release|x86
		{5BFC9EA2-1B28-441F-B744-60C48F6A368F}.Release|iPhone.Deploy.0 = Release|x86
		{5BFC9EA2-1B28-441F-B744-60C48F6A368F}.Release|iPhoneSimulator.ActiveCfg = Release|x86
		{5BFC9EA2-1B28-441F-B744-60C48F6A368F}.Release|iPhoneSimulator.Build.0 = Release|x86
		{5BFC9EA2-1B28-441F-B744-60C48F6A368F}.Release|iPhoneSimulator.Deploy.0 = Release|x86
		{5BFC9EA2-1B28-441F-B744-60C48F6A368F}.Release|x64.ActiveCfg = Release|x64
		{5BFC9EA2-1B28-441F-B744-60C48F6A368F}.Release|x64.Build.0 = Release|x64
		{5BFC9EA2-1B28-441F-B744-60C48F6A368F}.Release|x64.Deploy.0 = Release|x64
		{5BFC9EA2-1B28-441F-B744-60C48F6A368F}.Release|x86.ActiveCfg = Release|x86
		{5BFC9EA2-1B28-441F-B744-60C48F6A368F}.Release|x86.Build.0 = Release|x86
		{5BFC9EA2-1B28-441F-B744-60C48F6A368F}.Release|x86.Deploy.0 = Release|x86
		{0D036779-AFE1-4ACB-81DD-551C56D06616}.Ad-Hoc|Any CPU.ActiveCfg = Debug|Any CPU
		{0D036779-AFE1-4ACB-81DD-551C56D06616}.Ad-Hoc|Any CPU.Build.0 = Debug|Any CPU
		{0D036779-AFE1-4ACB-81DD-551C56D06616}.Ad-Hoc|Any CPU.Deploy.0 = Debug|Any CPU
		{0D036779-AFE1-4ACB-81DD-551C56D06616}.Ad-Hoc|ARM.ActiveCfg = Debug|Any CPU
		{0D036779-AFE1-4ACB-81DD-551C56D06616}.Ad-Hoc|ARM.Build.0 = Debug|Any CPU
		{0D036779-AFE1-4ACB-81DD-551C56D06616}.Ad-Hoc|ARM.Deploy.0 = Debug|Any CPU
		{0D036779-AFE1-4ACB-81DD-551C56D06616}.Ad-Hoc|iPhone.ActiveCfg = Debug|Any CPU
		{0D036779-AFE1-4ACB-81DD-551C56D06616}.Ad-Hoc|iPhone.Build.0 = Debug|Any CPU
		{0D036779-AFE1-4ACB-81DD-551C56D06616}.Ad-Hoc|iPhone.Deploy.0 = Debug|Any CPU
		{0D036779-AFE1-4ACB-81DD-551C56D06616}.Ad-Hoc|iPhoneSimulator.ActiveCfg = Debug|Any CPU
		{0D036779-AFE1-4ACB-81DD-551C56D06616}.Ad-Hoc|iPhoneSimulator.Build.0 = Debug|Any CPU
		{0D036779-AFE1-4ACB-81DD-551C56D06616}.Ad-Hoc|iPhoneSimulator.Deploy.0 = Debug|Any CPU
		{0D036779-AFE1-4ACB-81DD-551C56D06616}.Ad-Hoc|x64.ActiveCfg = Debug|Any CPU
		{0D036779-AFE1-4ACB-81DD-551C56D06616}.Ad-Hoc|x64.Build.0 = Debug|Any CPU
		{0D036779-AFE1-4ACB-81DD-551C56D06616}.Ad-Hoc|x64.Deploy.0 = Debug|Any CPU
		{0D036779-AFE1-4ACB-81DD-551C56D06616}.Ad-Hoc|x86.ActiveCfg = Debug|Any CPU
		{0D036779-AFE1-4ACB-81DD-551C56D06616}.Ad-Hoc|x86.Build.0 = Debug|Any CPU
		{0D036779-AFE1-4ACB-81DD-551C56D06616}.Ad-Hoc|x86.Deploy.0 = Debug|Any CPU
		{0D036779-AFE1-4ACB-81DD-551C56D06616}.AppStore|Any CPU.ActiveCfg = Debug|Any CPU
		{0D036779-AFE1-4ACB-81DD-551C56D06616}.AppStore|Any CPU.Build.0 = Debug|Any CPU
		{0D036779-AFE1-4ACB-81DD-551C56D06616}.AppStore|Any CPU.Deploy.0 = Debug|Any CPU
		{0D036779-AFE1-4ACB-81DD-551C56D06616}.AppStore|ARM.ActiveCfg = Debug|Any CPU
		{0D036779-AFE1-4ACB-81DD-551C56D06616}.AppStore|ARM.Build.0 = Debug|Any CPU
		{0D036779-AFE1-4ACB-81DD-551C56D06616}.AppStore|ARM.Deploy.0 = Debug|Any CPU
		{0D036779-AFE1-4ACB-81DD-551C56D06616}.AppStore|iPhone.ActiveCfg = Debug|Any CPU
		{0D036779-AFE1-4ACB-81DD-551C56D06616}.AppStore|iPhone.Build.0 = Debug|Any CPU
		{0D036779-AFE1-4ACB-81DD-551C56D06616}.AppStore|iPhone.Deploy.0 = Debug|Any CPU
		{0D036779-AFE1-4ACB-81DD-551C56D06616}.AppStore|iPhoneSimulator.ActiveCfg = Debug|Any CPU
		{0D036779-AFE1-4ACB-81DD-551C56D06616}.AppStore|iPhoneSimulator.Build.0 = Debug|Any CPU
		{0D036779-AFE1-4ACB-81DD-551C56D06616}.AppStore|iPhoneSimulator.Deploy.0 = Debug|Any CPU
		{0D036779-AFE1-4ACB-81DD-551C56D06616}.AppStore|x64.ActiveCfg = Debug|Any CPU
		{0D036779-AFE1-4ACB-81DD-551C56D06616}.AppStore|x64.Build.0 = Debug|Any CPU
		{0D036779-AFE1-4ACB-81DD-551C56D06616}.AppStore|x64.Deploy.0 = Debug|Any CPU
		{0D036779-AFE1-4ACB-81DD-551C56D06616}.AppStore|x86.ActiveCfg = Debug|Any CPU
		{0D036779-AFE1-4ACB-81DD-551C56D06616}.AppStore|x86.Build.0 = Debug|Any CPU
		{0D036779-AFE1-4ACB-81DD-551C56D06616}.AppStore|x86.Deploy.0 = Debug|Any CPU
		{0D036779-AFE1-4ACB-81DD-551C56D06616}.Debug|Any CPU.ActiveCfg = Debug|Any CPU
		{0D036779-AFE1-4ACB-81DD-551C56D06616}.Debug|Any CPU.Build.0 = Debug|Any CPU
		{0D036779-AFE1-4ACB-81DD-551C56D06616}.Debug|Any CPU.Deploy.0 = Debug|Any CPU
		{0D036779-AFE1-4ACB-81DD-551C56D06616}.Debug|ARM.ActiveCfg = Debug|Any CPU
		{0D036779-AFE1-4ACB-81DD-551C56D06616}.Debug|ARM.Build.0 = Debug|Any CPU
		{0D036779-AFE1-4ACB-81DD-551C56D06616}.Debug|ARM.Deploy.0 = Debug|Any CPU
		{0D036779-AFE1-4ACB-81DD-551C56D06616}.Debug|iPhone.ActiveCfg = Debug|Any CPU
		{0D036779-AFE1-4ACB-81DD-551C56D06616}.Debug|iPhone.Build.0 = Debug|Any CPU
		{0D036779-AFE1-4ACB-81DD-551C56D06616}.Debug|iPhone.Deploy.0 = Debug|Any CPU
		{0D036779-AFE1-4ACB-81DD-551C56D06616}.Debug|iPhoneSimulator.ActiveCfg = Debug|Any CPU
		{0D036779-AFE1-4ACB-81DD-551C56D06616}.Debug|iPhoneSimulator.Build.0 = Debug|Any CPU
		{0D036779-AFE1-4ACB-81DD-551C56D06616}.Debug|iPhoneSimulator.Deploy.0 = Debug|Any CPU
		{0D036779-AFE1-4ACB-81DD-551C56D06616}.Debug|x64.ActiveCfg = Debug|Any CPU
		{0D036779-AFE1-4ACB-81DD-551C56D06616}.Debug|x64.Build.0 = Debug|Any CPU
		{0D036779-AFE1-4ACB-81DD-551C56D06616}.Debug|x64.Deploy.0 = Debug|Any CPU
		{0D036779-AFE1-4ACB-81DD-551C56D06616}.Debug|x86.ActiveCfg = Debug|Any CPU
		{0D036779-AFE1-4ACB-81DD-551C56D06616}.Debug|x86.Build.0 = Debug|Any CPU
		{0D036779-AFE1-4ACB-81DD-551C56D06616}.Debug|x86.Deploy.0 = Debug|Any CPU
		{0D036779-AFE1-4ACB-81DD-551C56D06616}.Release|Any CPU.ActiveCfg = Release|Any CPU
		{0D036779-AFE1-4ACB-81DD-551C56D06616}.Release|Any CPU.Build.0 = Release|Any CPU
		{0D036779-AFE1-4ACB-81DD-551C56D06616}.Release|Any CPU.Deploy.0 = Release|Any CPU
		{0D036779-AFE1-4ACB-81DD-551C56D06616}.Release|ARM.ActiveCfg = Release|Any CPU
		{0D036779-AFE1-4ACB-81DD-551C56D06616}.Release|ARM.Build.0 = Release|Any CPU
		{0D036779-AFE1-4ACB-81DD-551C56D06616}.Release|ARM.Deploy.0 = Release|Any CPU
		{0D036779-AFE1-4ACB-81DD-551C56D06616}.Release|iPhone.ActiveCfg = Release|Any CPU
		{0D036779-AFE1-4ACB-81DD-551C56D06616}.Release|iPhone.Build.0 = Release|Any CPU
		{0D036779-AFE1-4ACB-81DD-551C56D06616}.Release|iPhone.Deploy.0 = Release|Any CPU
		{0D036779-AFE1-4ACB-81DD-551C56D06616}.Release|iPhoneSimulator.ActiveCfg = Release|Any CPU
		{0D036779-AFE1-4ACB-81DD-551C56D06616}.Release|iPhoneSimulator.Build.0 = Release|Any CPU
		{0D036779-AFE1-4ACB-81DD-551C56D06616}.Release|iPhoneSimulator.Deploy.0 = Release|Any CPU
		{0D036779-AFE1-4ACB-81DD-551C56D06616}.Release|x64.ActiveCfg = Release|Any CPU
		{0D036779-AFE1-4ACB-81DD-551C56D06616}.Release|x64.Build.0 = Release|Any CPU
		{0D036779-AFE1-4ACB-81DD-551C56D06616}.Release|x64.Deploy.0 = Release|Any CPU
		{0D036779-AFE1-4ACB-81DD-551C56D06616}.Release|x86.ActiveCfg = Release|Any CPU
		{0D036779-AFE1-4ACB-81DD-551C56D06616}.Release|x86.Build.0 = Release|Any CPU
		{0D036779-AFE1-4ACB-81DD-551C56D06616}.Release|x86.Deploy.0 = Release|Any CPU
	EndGlobalSection
	GlobalSection(SolutionProperties) = preSolution
		HideSolutionNode = FALSE
	EndGlobalSection
	GlobalSection(ExtensibilityGlobals) = postSolution
		SolutionGuid = {5B5A1D12-CB57-4157-AD04-E9A92806A6C3}
	EndGlobalSection
EndGlobal
